
Microsoft Visual Studio Solution File, Format Version 12.00
# Visual Studio Version 16
VisualStudioVersion = 16.0.30717.126
MinimumVisualStudioVersion = 10.0.40219.1
Project("{FAE04EC0-301F-11D3-BF4B-00C04F79EFBC}") = "Poligon n varfuri", "Poligon n varfuri\Poligon n varfuri.csproj", "{B07605AE-567A-4510-8D0D-7175735B6DCF}"
EndProject
Global
	GlobalSection(SolutionConfigurationPlatforms) = preSolution
		Debug|Any CPU = Debug|Any CPU
		Release|Any CPU = Release|Any CPU
	EndGlobalSection
	GlobalSection(ProjectConfigurationPlatforms) = postSolution
		{B07605AE-567A-4510-8D0D-7175735B6DCF}.Debug|Any CPU.ActiveCfg = Debug|Any CPU
		{B07605AE-567A-4510-8D0D-7175735B6DCF}.Debug|Any CPU.Build.0 = Debug|Any CPU
		{B07605AE-567A-4510-8D0D-7175735B6DCF}.Release|Any CPU.ActiveCfg = Release|Any CPU
		{B07605AE-567A-4510-8D0D-7175735B6DCF}.Release|Any CPU.Build.0 = Release|Any CPU
	EndGlobalSection
	GlobalSection(SolutionProperties) = preSolution
		HideSolutionNode = FALSE
	EndGlobalSection
	GlobalSection(ExtensibilityGlobals) = postSolution
		SolutionGuid = {27608CDE-409B-4328-8FF3-39D17895D35D}
	EndGlobalSection
EndGlobal
